STORAGE: NONE
RESTRICTION: || (== net6.0) (== netstandard2.0)
NUGET
  remote: https://api.nuget.org/v3/index.json
    Expecto (9.0.4)
      FSharp.Core (>= 4.6)
      Mono.Cecil (>= 0.11.3)
    Expecto.FsCheck (9.0.4)
      Expecto (>= 9.0.4)
      FsCheck (>= 2.14.3)
    FsCheck (3.3.2)
      FSharp.Core (>= 5.0.2)
    FSharp.Core (10.0.103)
    FsLexYacc (11.3) - copy_local: true
      FSharp.Core (>= 4.6.2)
      FsLexYacc.Runtime (>= 11.3)
    FsLexYacc.Runtime (11.3) - copy_local: true
      FSharp.Core (>= 4.6.2)
    Microsoft.NET.Test.Sdk (18.0.1)
    Microsoft.SourceLink.GitHub (10.0.103) - copy_local: true
    Mono.Cecil (0.11.6)
    System.Collections.Immutable (10.0.3) - restriction: || (== net6.0) (&& (== netstandard2.0) (>= netcoreapp3.1))
      System.Memory (>= 4.6.3)
      System.Runtime.CompilerServices.Unsafe (>= 6.1.2)
    System.Memory (4.6.3) - restriction: || (== net6.0) (&& (== netstandard2.0) (>= netcoreapp3.1))
    System.Reflection.Emit.ILGeneration (4.7) - restriction: || (&& (== net6.0) (< netcoreapp2.0) (< netstandard2.1)) (&& (== net6.0) (< netstandard2.0)) (&& (== net6.0) (< portable-net45+wp8)) (&& (== net6.0) (>= uap10.1)) (== netstandard2.0)
    System.Reflection.Emit.Lightweight (4.7)
      System.Reflection.Emit.ILGeneration (>= 4.7) - restriction: || (&& (== net6.0) (< netcoreapp2.0) (< netstandard2.1)) (&& (== net6.0) (< netstandard2.0)) (&& (== net6.0) (< portable-net45+wp8)) (&& (== net6.0) (>= uap10.1)) (== netstandard2.0)
    System.Runtime.CompilerServices.Unsafe (6.1.2) - restriction: || (== net6.0) (&& (== netstandard2.0) (>= netcoreapp3.1))
    YoloDev.Expecto.TestSdk (0.13.3)
      Expecto (>= 9.0 < 10.0) - restriction: || (== net6.0) (&& (== netstandard2.0) (>= netcoreapp3.1))
      FSharp.Core (>= 4.6.2) - restriction: || (== net6.0) (&& (== netstandard2.0) (>= netcoreapp3.1))
      System.Collections.Immutable (>= 6.0) - restriction: || (== net6.0) (&& (== netstandard2.0) (>= netcoreapp3.1))
  remote: https://nuget.pkg.github.com/dotnet-websharper/index.json
    WebSharper (10.1.0.658)
      FSharp.Core (>= 6.0)
      System.Reflection.Emit.Lightweight (>= 4.7)
    WebSharper.FSharp (10.1.0.658)
      WebSharper (10.1.0.658)

GROUP wsbuild

GIT
  remote: https://github.com/dotnet-websharper/build-script
     (ae4e3345219bb1ef82143ad331e582f9c81791ac)